# generated by rye
# use `rye lock` or `rye sync` to update this lockfile
#
# last locked with the following flags:
#   pre: false
#   features: []
#   all-features: false
#   with-sources: false
#   generate-hashes: false

-e file:.
accelerate==0.31.0
    # via peft
certifi==2024.6.2
    # via requests
charset-normalizer==3.3.2
    # via requests
einops==0.8.0
    # via llava-next-playground
filelock==3.15.4
    # via huggingface-hub
    # via torch
    # via transformers
fsspec==2024.6.0
    # via huggingface-hub
    # via torch
huggingface-hub==0.23.4
    # via accelerate
    # via peft
    # via tokenizers
    # via transformers
idna==3.7
    # via requests
jinja2==3.1.4
    # via torch
llava @ git+https://github.com/sj-h4/LLaVA-NeXT.git@49123e8ec7efdf2401e63ce9fed3b377dde441b2
    # via llava-next-playground
markupsafe==2.1.5
    # via jinja2
mpmath==1.3.0
    # via sympy
networkx==3.3
    # via torch
numpy==2.0.0
    # via accelerate
    # via opencv-python
    # via peft
    # via torchvision
    # via transformers
opencv-python==4.10.0.84
    # via llava-next-playground
packaging==24.1
    # via accelerate
    # via huggingface-hub
    # via peft
    # via transformers
peft==0.11.1
    # via llava-next-playground
pillow==10.3.0
    # via llava-next-playground
    # via torchvision
psutil==6.0.0
    # via accelerate
    # via peft
pyyaml==6.0.1
    # via accelerate
    # via huggingface-hub
    # via peft
    # via transformers
regex==2024.5.15
    # via transformers
requests==2.32.3
    # via huggingface-hub
    # via transformers
safetensors==0.4.3
    # via accelerate
    # via peft
    # via transformers
sentencepiece==0.2.0
    # via llava-next-playground
setuptools==70.1.1
    # via llava-next-playground
sympy==1.12.1
    # via torch
tokenizers==0.19.1
    # via transformers
torch==2.3.1
    # via accelerate
    # via llava-next-playground
    # via peft
    # via torchvision
torchvision==0.18.1
    # via llava-next-playground
tqdm==4.66.4
    # via huggingface-hub
    # via peft
    # via transformers
transformers==4.41.2
    # via llava-next-playground
    # via peft
typing-extensions==4.12.2
    # via huggingface-hub
    # via torch
urllib3==2.2.2
    # via requests
